// !$*UTF8*$!
{
	archiveVersion = 1;
	classes = {
	};
	objectVersion = 50;
	objects = {

/* Begin PBXBuildFile section */
		58ED3D5C23DB4FDD008A97F0 /* AppDelegate.swift in Sources */ = {isa = PBXBuildFile; fileRef = 58ED3D5B23DB4FDD008A97F0 /* AppDelegate.swift */; };
		58ED3D6023DB4FDD008A97F0 /* CtalogueViewController.swift in Sources */ = {isa = PBXBuildFile; fileRef = 58ED3D5F23DB4FDD008A97F0 /* CtalogueViewController.swift */; };
		58ED3D6523DB4FE1008A97F0 /* Assets.xcassets in Resources */ = {isa = PBXBuildFile; fileRef = 58ED3D6423DB4FE1008A97F0 /* Assets.xcassets */; };
		58ED3D6823DB4FE1008A97F0 /* LaunchScreen.storyboard in Resources */ = {isa = PBXBuildFile; fileRef = 58ED3D6623DB4FE1008A97F0 /* LaunchScreen.storyboard */; };
		58ED3D7023DB5786008A97F0 /* CatalogueTableViewCell.swift in Sources */ = {isa = PBXBuildFile; fileRef = 58ED3D6F23DB5786008A97F0 /* CatalogueTableViewCell.swift */; };
		58ED3D7223DB5970008A97F0 /* UIColor+AppColor.swift in Sources */ = {isa = PBXBuildFile; fileRef = 58ED3D7123DB5970008A97F0 /* UIColor+AppColor.swift */; };
		58ED3D7623DB5FB1008A97F0 /* CatalogueCollectionViewController.swift in Sources */ = {isa = PBXBuildFile; fileRef = 58ED3D7523DB5FB1008A97F0 /* CatalogueCollectionViewController.swift */; };
		58ED3D7B23DB6025008A97F0 /* Storage.swift in Sources */ = {isa = PBXBuildFile; fileRef = 58ED3D7823DB6025008A97F0 /* Storage.swift */; };
		58ED3D7C23DB6025008A97F0 /* Device.swift in Sources */ = {isa = PBXBuildFile; fileRef = 58ED3D7A23DB6025008A97F0 /* Device.swift */; };
		58ED3D7E23DB64C2008A97F0 /* CatalogueCollectionViewCell.swift in Sources */ = {isa = PBXBuildFile; fileRef = 58ED3D7D23DB64C2008A97F0 /* CatalogueCollectionViewCell.swift */; };
/* End PBXBuildFile section */

/* Begin PBXFileReference section */
		58ED3D5823DB4FDD008A97F0 /* AppleShop.app */ = {isa = PBXFileReference; explicitFileType = wrapper.application; includeInIndex = 0; path = AppleShop.app; sourceTree = BUILT_PRODUCTS_DIR; };
		58ED3D5B23DB4FDD008A97F0 /* AppDelegate.swift */ = {isa = PBXFileReference; lastKnownFileType = sourcecode.swift; path = AppDelegate.swift; sourceTree = "<group>"; };
		58ED3D5F23DB4FDD008A97F0 /* CtalogueViewController.swift */ = {isa = PBXFileReference; lastKnownFileType = sourcecode.swift; path = CtalogueViewController.swift; sourceTree = "<group>"; };
		58ED3D6423DB4FE1008A97F0 /* Assets.xcassets */ = {isa = PBXFileReference; lastKnownFileType = folder.assetcatalog; path = Assets.xcassets; sourceTree = "<group>"; };
		58ED3D6723DB4FE1008A97F0 /* Base */ = {isa = PBXFileReference; lastKnownFileType = file.storyboard; name = Base; path = Base.lproj/LaunchScreen.storyboard; sourceTree = "<group>"; };
		58ED3D6923DB4FE1008A97F0 /* Info.plist */ = {isa = PBXFileReference; lastKnownFileType = text.plist.xml; path = Info.plist; sourceTree = "<group>"; };
		58ED3D6F23DB5786008A97F0 /* CatalogueTableViewCell.swift */ = {isa = PBXFileReference; lastKnownFileType = sourcecode.swift; path = CatalogueTableViewCell.swift; sourceTree = "<group>"; };
		58ED3D7123DB5970008A97F0 /* UIColor+AppColor.swift */ = {isa = PBXFileReference; lastKnownFileType = sourcecode.swift; path = "UIColor+AppColor.swift"; sourceTree = "<group>"; };
		58ED3D7523DB5FB1008A97F0 /* CatalogueCollectionViewController.swift */ = {isa = PBXFileReference; lastKnownFileType = sourcecode.swift; path = CatalogueCollectionViewController.swift; sourceTree = "<group>"; };
		58ED3D7823DB6025008A97F0 /* Storage.swift */ = {isa = PBXFileReference; fileEncoding = 4; lastKnownFileType = sourcecode.swift; path = Storage.swift; sourceTree = "<group>"; };
		58ED3D7A23DB6025008A97F0 /* Device.swift */ = {isa = PBXFileReference; fileEncoding = 4; lastKnownFileType = sourcecode.swift; path = Device.swift; sourceTree = "<group>"; };
		58ED3D7D23DB64C2008A97F0 /* CatalogueCollectionViewCell.swift */ = {isa = PBXFileReference; lastKnownFileType = sourcecode.swift; path = CatalogueCollectionViewCell.swift; sourceTree = "<group>"; };
/* End PBXFileReference section */

/* Begin PBXFrameworksBuildPhase section */
		58ED3D5523DB4FDD008A97F0 /* Frameworks */ = {
			isa = PBXFrameworksBuildPhase;
			buildActionMask = 2147483647;
			files = (
			);
			runOnlyForDeploymentPostprocessing = 0;
		};
/* End PBXFrameworksBuildPhase section */

/* Begin PBXGroup section */
		58ED3D4F23DB4FDD008A97F0 = {
			isa = PBXGroup;
			children = (
				58ED3D5A23DB4FDD008A97F0 /* AppleShop */,
				58ED3D5923DB4FDD008A97F0 /* Products */,
			);
			sourceTree = "<group>";
		};
		58ED3D5923DB4FDD008A97F0 /* Products */ = {
			isa = PBXGroup;
			children = (
				58ED3D5823DB4FDD008A97F0 /* AppleShop.app */,
			);
			name = Products;
			sourceTree = "<group>";
		};
		58ED3D5A23DB4FDD008A97F0 /* AppleShop */ = {
			isa = PBXGroup;
			children = (
				58ED3D5B23DB4FDD008A97F0 /* AppDelegate.swift */,
				58ED3D7923DB6025008A97F0 /* Models */,
				58ED3D7723DB6025008A97F0 /* Storage */,
				58ED3D7323DB5F80008A97F0 /* TableView */,
				58ED3D7423DB5F94008A97F0 /* CollectionView */,
				58ED3D6423DB4FE1008A97F0 /* Assets.xcassets */,
				58ED3D7123DB5970008A97F0 /* UIColor+AppColor.swift */,
				58ED3D6623DB4FE1008A97F0 /* LaunchScreen.storyboard */,
				58ED3D6923DB4FE1008A97F0 /* Info.plist */,
			);
			path = AppleShop;
			sourceTree = "<group>";
		};
		58ED3D7323DB5F80008A97F0 /* TableView */ = {
			isa = PBXGroup;
			children = (
				58ED3D6F23DB5786008A97F0 /* CatalogueTableViewCell.swift */,
				58ED3D5F23DB4FDD008A97F0 /* CtalogueViewController.swift */,
			);
			path = TableView;
			sourceTree = "<group>";
		};
		58ED3D7423DB5F94008A97F0 /* CollectionView */ = {
			isa = PBXGroup;
			children = (
				58ED3D7523DB5FB1008A97F0 /* CatalogueCollectionViewController.swift */,
				58ED3D7D23DB64C2008A97F0 /* CatalogueCollectionViewCell.swift */,
			);
			path = CollectionView;
			sourceTree = "<group>";
		};
		58ED3D7723DB6025008A97F0 /* Storage */ = {
			isa = PBXGroup;
			children = (
				58ED3D7823DB6025008A97F0 /* Storage.swift */,
			);
			path = Storage;
			sourceTree = "<group>";
		};
		58ED3D7923DB6025008A97F0 /* Models */ = {
			isa = PBXGroup;
			children = (
				58ED3D7A23DB6025008A97F0 /* Device.swift */,
			);
			path = Models;
			sourceTree = "<group>";
		};
/* End PBXGroup section */

/* Begin PBXNativeTarget section */
		58ED3D5723DB4FDD008A97F0 /* AppleShop */ = {
			isa = PBXNativeTarget;
			buildConfigurationList = 58ED3D6C23DB4FE1008A97F0 /* Build configuration list for PBXNativeTarget "AppleShop" */;
			buildPhases = (
				58ED3D5423DB4FDD008A97F0 /* Sources */,
				58ED3D5523DB4FDD008A97F0 /* Frameworks */,
				58ED3D5623DB4FDD008A97F0 /* Resources */,
			);
			buildRules = (
			);
			dependencies = (
			);
			name = AppleShop;
			productName = AppleShop;
			productReference = 58ED3D5823DB4FDD008A97F0 /* AppleShop.app */;
			productType = "com.apple.product-type.application";
		};
/* End PBXNativeTarget section */

/* Begin PBXProject section */
		58ED3D5023DB4FDD008A97F0 /* Project object */ = {
			isa = PBXProject;
			attributes = {
				LastSwiftUpdateCheck = 1130;
				LastUpgradeCheck = 1130;
				ORGANIZATIONNAME = RagnaCode;
				TargetAttributes = {
					58ED3D5723DB4FDD008A97F0 = {
						CreatedOnToolsVersion = 11.3.1;
					};
				};
			};
			buildConfigurationList = 58ED3D5323DB4FDD008A97F0 /* Build configuration list for PBXProject "AppleShop" */;
			compatibilityVersion = "Xcode 9.3";
			developmentRegion = en;
			hasScannedForEncodings = 0;
			knownRegions = (
				en,
				Base,
			);
			mainGroup = 58ED3D4F23DB4FDD008A97F0;
			productRefGroup = 58ED3D5923DB4FDD008A97F0 /* Products */;
			projectDirPath = "";
			projectRoot = "";
			targets = (
				58ED3D5723DB4FDD008A97F0 /* AppleShop */,
			);
		};
/* End PBXProject section */

/* Begin PBXResourcesBuildPhase section */
		58ED3D5623DB4FDD008A97F0 /* Resources */ = {
			isa = PBXResourcesBuildPhase;
			buildActionMask = 2147483647;
			files = (
				58ED3D6823DB4FE1008A97F0 /* LaunchScreen.storyboard in Resources */,
				58ED3D6523DB4FE1008A97F0 /* Assets.xcassets in Resources */,
			);
			runOnlyForDeploymentPostprocessing = 0;
		};
/* End PBXResourcesBuildPhase section */

/* Begin PBXSourcesBuildPhase section */
		58ED3D5423DB4FDD008A97F0 /* Sources */ = {
			isa = PBXSourcesBuildPhase;
			buildActionMask = 2147483647;
			files = (
				58ED3D7E23DB64C2008A97F0 /* CatalogueCollectionViewCell.swift in Sources */,
				58ED3D6023DB4FDD008A97F0 /* CtalogueViewController.swift in Sources */,
				58ED3D7623DB5FB1008A97F0 /* CatalogueCollectionViewController.swift in Sources */,
				58ED3D7223DB5970008A97F0 /* UIColor+AppColor.swift in Sources */,
				58ED3D5C23DB4FDD008A97F0 /* AppDelegate.swift in Sources */,
				58ED3D7023DB5786008A97F0 /* CatalogueTableViewCell.swift in Sources */,
				58ED3D7C23DB6025008A97F0 /* Device.swift in Sources */,
				58ED3D7B23DB6025008A97F0 /* Storage.swift in Sources */,
			);
			runOnlyForDeploymentPostprocessing = 0;
		};
/* End PBXSourcesBuildPhase section */

/* Begin PBXVariantGroup section */
		58ED3D6623DB4FE1008A97F0 /* LaunchScreen.storyboard */ = {
			isa = PBXVariantGroup;
			children = (
				58ED3D6723DB4FE1008A97F0 /* Base */,
			);
			name = LaunchScreen.storyboard;
			sourceTree = "<group>";
		};
/* End PBXVariantGroup section */

/* Begin XCBuildConfiguration section */
		58ED3D6A23DB4FE1008A97F0 /* Debug */ = {
			isa = XCBuildConfiguration;
			buildSettings = {
				ALWAYS_SEARCH_USER_PATHS = NO;
				CLANG_ANALYZER_NONNULL = YES;
				CLANG_ANALYZER_NUMBER_OBJECT_CONVERSION = YES_AGGRESSIVE;
				CLANG_CXX_LANGUAGE_STANDARD = "gnu++14";
				CLANG_CXX_LIBRARY = "libc++";
				CLANG_ENABLE_MODULES = YES;
				CLANG_ENABLE_OBJC_ARC = YES;
				CLANG_ENABLE_OBJC_WEAK = YES;
				CLANG_WARN_BLOCK_CAPTURE_AUTORELEASING = YES;
				CLANG_WARN_BOOL_CONVERSION = YES;
				CLANG_WARN_COMMA = YES;
				CLANG_WARN_CONSTANT_CONVERSION = YES;
				CLANG_WARN_DEPRECATED_OBJC_IMPLEMENTATIONS = YES;
				CLANG_WARN_DIRECT_OBJC_ISA_USAGE = YES_ERROR;
				CLANG_WARN_DOCUMENTATION_COMMENTS = YES;
				CLANG_WARN_EMPTY_BODY = YES;
				CLANG_WARN_ENUM_CONVERSION = YES;
				CLANG_WARN_INFINITE_RECURSION = YES;
				CLANG_WARN_INT_CONVERSION = YES;
				CLANG_WARN_NON_LITERAL_NULL_CONVERSION = YES;
				CLANG_WARN_OBJC_IMPLICIT_RETAIN_SELF = YES;
				CLANG_WARN_OBJC_LITERAL_CONVERSION = YES;
				CLANG_WARN_OBJC_ROOT_CLASS = YES_ERROR;
				CLANG_WARN_RANGE_LOOP_ANALYSIS = YES;
				CLANG_WARN_STRICT_PROTOTYPES = YES;
				CLANG_WARN_SUSPICIOUS_MOVE = YES;
				CLANG_WARN_UNGUARDED_AVAILABILITY = YES_AGGRESSIVE;
				CLANG_WARN_UNREACHABLE_CODE = YES;
				CLANG_WARN__DUPLICATE_METHOD_MATCH = YES;
				COPY_PHASE_STRIP = NO;
				DEBUG_INFORMATION_FORMAT = dwarf;
				ENABLE_STRICT_OBJC_MSGSEND = YES;
				ENABLE_TESTABILITY = YES;
				GCC_C_LANGUAGE_STANDARD = gnu11;
				GCC_DYNAMIC_NO_PIC = NO;
				GCC_NO_COMMON_BLOCKS = YES;
				GCC_OPTIMIZATION_LEVEL = 0;
				GCC_PREPROCESSOR_DEFINITIONS = (
					"DEBUG=1",
					"$(inherited)",
				);
				GCC_WARN_64_TO_32_BIT_CONVERSION = YES;
				GCC_WARN_ABOUT_RETURN_TYPE = YES_ERROR;
				GCC_WARN_UNDECLARED_SELECTOR = YES;
				GCC_WARN_UNINITIALIZED_AUTOS = YES_AGGRESSIVE;
				GCC_WARN_UNUSED_FUNCTION = YES;
				GCC_WARN_UNUSED_VARIABLE = YES;
				IPHONEOS_DEPLOYMENT_TARGET = 13.2;
				MTL_ENABLE_DEBUG_INFO = INCLUDE_SOURCE;
				MTL_FAST_MATH = YES;
				ONLY_ACTIVE_ARCH = YES;
				SDKROOT = iphoneos;
				SWIFT_ACTIVE_COMPILATION_CONDITIONS = DEBUG;
				SWIFT_OPTIMIZATION_LEVEL = "-Onone";
			};
			name = Debug;
		};
		58ED3D6B23DB4FE1008A97F0 /* Release */ = {
			isa = XCBuildConfiguration;
			buildSettings = {
				ALWAYS_SEARCH_USER_PATHS = NO;
				CLANG_ANALYZER_NONNULL = YES;
				CLANG_ANALYZER_NUMBER_OBJECT_CONVERSION = YES_AGGRESSIVE;
				CLANG_CXX_LANGUAGE_STANDARD = "gnu++14";
				CLANG_CXX_LIBRARY = "libc++";
				CLANG_ENABLE_MODULES = YES;
				CLANG_ENABLE_OBJC_ARC = YES;
				CLANG_ENABLE_OBJC_WEAK = YES;
				CLANG_WARN_BLOCK_CAPTURE_AUTORELEASING = YES;
				CLANG_WARN_BOOL_CONVERSION = YES;
				CLANG_WARN_COMMA = YES;
				CLANG_WARN_CONSTANT_CONVERSION = YES;
				CLANG_WARN_DEPRECATED_OBJC_IMPLEMENTATIONS = YES;
				CLANG_WARN_DIRECT_OBJC_ISA_USAGE = YES_ERROR;
				CLANG_WARN_DOCUMENTATION_COMMENTS = YES;
				CLANG_WARN_EMPTY_BODY = YES;
				CLANG_WARN_ENUM_CONVERSION = YES;
				CLANG_WARN_INFINITE_RECURSION = YES;
				CLANG_WARN_INT_CONVERSION = YES;
				CLANG_WARN_NON_LITERAL_NULL_CONVERSION = YES;
				CLANG_WARN_OBJC_IMPLICIT_RETAIN_SELF = YES;
				CLANG_WARN_OBJC_LITERAL_CONVERSION = YES;
				CLANG_WARN_OBJC_ROOT_CLASS = YES_ERROR;
				CLANG_WARN_RANGE_LOOP_ANALYSIS = YES;
				CLANG_WARN_STRICT_PROTOTYPES = YES;
				CLANG_WARN_SUSPICIOUS_MOVE = YES;
				CLANG_WARN_UNGUARDED_AVAILABILITY = YES_AGGRESSIVE;
				CLANG_WARN_UNREACHABLE_CODE = YES;
				CLANG_WARN__DUPLICATE_METHOD_MATCH = YES;
				COPY_PHASE_STRIP = NO;
				DEBUG_INFORMATION_FORMAT = "dwarf-with-dsym";
				ENABLE_NS_ASSERTIONS = NO;
				ENABLE_STRICT_OBJC_MSGSEND = YES;
				GCC_C_LANGUAGE_STANDARD = gnu11;
				GCC_NO_COMMON_BLOCKS = YES;
				GCC_WARN_64_TO_32_BIT_CONVERSION = YES;
				GCC_WARN_ABOUT_RETURN_TYPE = YES_ERROR;
				GCC_WARN_UNDECLARED_SELECTOR = YES;
				GCC_WARN_UNINITIALIZED_AUTOS = YES_AGGRESSIVE;
				GCC_WARN_UNUSED_FUNCTION = YES;
				GCC_WARN_UNUSED_VARIABLE = YES;
				IPHONEOS_DEPLOYMENT_TARGET = 13.2;
				MTL_ENABLE_DEBUG_INFO = NO;
				MTL_FAST_MATH = YES;
				SDKROOT = iphoneos;
				SWIFT_COMPILATION_MODE = wholemodule;
				SWIFT_OPTIMIZATION_LEVEL = "-O";
				VALIDATE_PRODUCT = YES;
			};
			name = Release;
		};
		58ED3D6D23DB4FE1008A97F0 /* Debug */ = {
			isa = XCBuildConfiguration;
			buildSettings = {
				ASSETCATALOG_COMPILER_APPICON_NAME = AppIcon;
				CODE_SIGN_STYLE = Automatic;
				DEVELOPMENT_TEAM = 7JFVVL5G3N;
				INFOPLIST_FILE = AppleShop/Info.plist;
				LD_RUNPATH_SEARCH_PATHS = (
					"$(inherited)",
					"@executable_path/Frameworks",
				);
				PRODUCT_BUNDLE_IDENTIFIER = com.effective.AppleShop;
				PRODUCT_NAME = "$(TARGET_NAME)";
				SWIFT_VERSION = 5.0;
				TARGETED_DEVICE_FAMILY = 1;
			};
			name = Debug;
		};
		58ED3D6E23DB4FE1008A97F0 /* Release */ = {
			isa = XCBuildConfiguration;
			buildSettings = {
				ASSETCATALOG_COMPILER_APPICON_NAME = AppIcon;
				CODE_SIGN_STYLE = Automatic;
				DEVELOPMENT_TEAM = 7JFVVL5G3N;
				INFOPLIST_FILE = AppleShop/Info.plist;
				LD_RUNPATH_SEARCH_PATHS = (
					"$(inherited)",
					"@executable_path/Frameworks",
				);
				PRODUCT_BUNDLE_IDENTIFIER = com.effective.AppleShop;
				PRODUCT_NAME = "$(TARGET_NAME)";
				SWIFT_VERSION = 5.0;
				TARGETED_DEVICE_FAMILY = 1;
			};
			name = Release;
		};
/* End XCBuildConfiguration section */

/* Begin XCConfigurationList section */
		58ED3D5323DB4FDD008A97F0 /* Build configuration list for PBXProject "AppleShop" */ = {
			isa = XCConfigurationList;
			buildConfigurations = (
				58ED3D6A23DB4FE1008A97F0 /* Debug */,
				58ED3D6B23DB4FE1008A97F0 /* Release */,
			);
			defaultConfigurationIsVisible = 0;
			defaultConfigurationName = Release;
		};
		58ED3D6C23DB4FE1008A97F0 /* Build configuration list for PBXNativeTarget "AppleShop" */ = {
			isa = XCConfigurationList;
			buildConfigurations = (
				58ED3D6D23DB4FE1008A97F0 /* Debug */,
				58ED3D6E23DB4FE1008A97F0 /* Release */,
			);
			defaultConfigurationIsVisible = 0;
			defaultConfigurationName = Release;
		};
/* End XCConfigurationList section */
	};
	rootObject = 58ED3D5023DB4FDD008A97F0 /* Project object */;
}
